github.com/Try431/EasyMIDI v1.0.3 h1:SQ+HGlh7Ocn6kW93zv/oSJSQMsf4WKh2SK/mhcC8Guc=
github.com/Try431/EasyMIDI v1.0.3/go.mod h1:G2Hh7MmGyph2YRKHBcfMeH78kmRGo1nwo0Gy9TkzdAc=
github.com/djherbis/times v1.6.0 h1:w2ctJ92J8fBvWPxugmXIv7Nz7Q3iDMKNx9v5ocVH20c=
github.com/djherbis/times v1.6.0/go.mod h1:gOHeRAz2h+VJNZ5Gmc/o7iD9k4wW7NMVqieYCY99oc0=
github.com/emicklei/tre v1.7.0 h1:bEZhzT3o+9lcJ4KQh+uf0mv7rmMe0LEtVDa/7F5iq/c=
github.com/emicklei/tre v1.7.0/go.mod h1:3e+DTVKARET1BwLFwOIJwgYLUtkN+X9XZT0JDnb+OYY=
github.com/expr-lang/expr v1.17.6 h1:1h6i8ONk9cexhDmowO/A64VPxHScu7qfSl2k8OlINec=
github.com/expr-lang/expr v1.17.6/go.mod h1:8/vRC7+7HBzESEqt5kKpYXxrxkr31SaO8r40VO/1IT4=
gitlab.com/gomidi/midi/v2 v2.3.16 h1:yufWSENyjnJ4LFQa9BerzUm4E4aLfTyzw5nmnCteO0c=
gitlab.com/gomidi/midi/v2 v2.3.16/go.mod h1:jDpP4O4skYi+7iVwt6Zyp18bd2M4hkjtMuw2cmgKgfw=
golang.org/x/sys v0.0.0-20220615213510-4f61da869c0c/go.mod h1:oPkhp1MJrh7nUepCBck5+mAzfO9JrbApNNgaTdGDITg=
golang.org/x/sys v0.37.0 h1:fdNQudmxPjkdUTPnLn5mdQv7Zwvbvpaxqs831goi9kQ=
golang.org/x/sys v0.37.0/go.mod h1:OgkHotnGiDImocRcuBABYBEXf8A9a87e/uXjp9XT3ks=
